// !$*UTF8*$!
{
	archiveVersion = 1;
	classes = {
	};
	objectVersion = 77;
	objects = {

/* Begin PBXBuildFile section */
		AA10000000000000000000B0 /* RecallRailKit in Frameworks */ = {isa = PBXBuildFile; productRef = AA10000000000000000000AF /* RecallRailKit */; };
		AA10000000000000000000D0 /* RecallStore in Frameworks */ = {isa = PBXBuildFile; productRef = AA10000000000000000000D1 /* RecallStore */; };
/* End PBXBuildFile section */

/* Begin PBXContainerItemProxy section */
		AA10000000000000000000C0 /* PBXContainerItemProxy */ = {
			isa = PBXContainerItemProxy;
			containerPortal = AA10000000000000000000A1 /* Project object */;
			proxyType = 1;
			remoteGlobalIDString = AA10000000000000000000A2;
			remoteInfo = RecallRail;
		};
		AA10000000000000000000E0 /* PBXContainerItemProxy */ = {
			isa = PBXContainerItemProxy;
			containerPortal = AA10000000000000000000A1 /* Project object */;
			proxyType = 1;
			remoteGlobalIDString = AA10000000000000000000A2;
			remoteInfo = RecallRail;
		};
/* End PBXContainerItemProxy section */

/* Begin PBXFileReference section */
		AA10000000000000000000B1 /* RecallRail.app */ = {isa = PBXFileReference; explicitFileType = wrapper.application; includeInIndex = 0; path = RecallRail.app; sourceTree = BUILT_PRODUCTS_DIR; };
		AA10000000000000000000B3 /* toolchain.json */ = {isa = PBXFileReference; lastKnownFileType = text.json; path = toolchain.json; sourceTree = "<group>"; };
		AA10000000000000000000C1 /* RecallRailTests.xctest */ = {isa = PBXFileReference; explicitFileType = wrapper.cfbundle; includeInIndex = 0; path = RecallRailTests.xctest; sourceTree = BUILT_PRODUCTS_DIR; };
		AA10000000000000000000E1 /* RecallRailUITests.xctest */ = {isa = PBXFileReference; explicitFileType = wrapper.cfbundle; includeInIndex = 0; path = RecallRailUITests.xctest; sourceTree = BUILT_PRODUCTS_DIR; };
/* End PBXFileReference section */

/* Begin PBXFileSystemSynchronizedRootGroup section */
		AA10000000000000000000AC /* RecallRail */ = {
			isa = PBXFileSystemSynchronizedRootGroup;
			explicitFileTypes = {
			};
			explicitFolders = (
			);
			path = RecallRail;
			sourceTree = "<group>";
		};
		AA10000000000000000000C2 /* RecallRailTests */ = {
			isa = PBXFileSystemSynchronizedRootGroup;
			explicitFileTypes = {
			};
			explicitFolders = (
			);
			path = RecallRailTests;
			sourceTree = "<group>";
		};
		AA10000000000000000000E2 /* RecallRailUITests */ = {
			isa = PBXFileSystemSynchronizedRootGroup;
			explicitFileTypes = {
			};
			explicitFolders = (
			);
			path = RecallRailUITests;
			sourceTree = "<group>";
		};
/* End PBXFileSystemSynchronizedRootGroup section */

/* Begin PBXFrameworksBuildPhase section */
		AA10000000000000000000AA /* Frameworks */ = {
			isa = PBXFrameworksBuildPhase;
			buildActionMask = 2147483647;
			files = (
				AA10000000000000000000B0 /* RecallRailKit in Frameworks */,
				AA10000000000000000000D0 /* RecallStore in Frameworks */,
			);
			runOnlyForDeploymentPostprocessing = 0;
		};
		AA10000000000000000000C3 /* Frameworks */ = {
			isa = PBXFrameworksBuildPhase;
			buildActionMask = 2147483647;
			files = (
			);
			runOnlyForDeploymentPostprocessing = 0;
		};
		AA10000000000000000000E3 /* Frameworks */ = {
			isa = PBXFrameworksBuildPhase;
			buildActionMask = 2147483647;
			files = (
			);
			runOnlyForDeploymentPostprocessing = 0;
		};
/* End PBXFrameworksBuildPhase section */

/* Begin PBXGroup section */
		AA10000000000000000000AD = {
			isa = PBXGroup;
			children = (
				AA10000000000000000000AC /* RecallRail */,
				AA10000000000000000000C2 /* RecallRailTests */,
				AA10000000000000000000E2 /* RecallRailUITests */,
				AA10000000000000000000B3 /* toolchain.json */,
				AA10000000000000000000B2 /* Products */,
			);
			sourceTree = "<group>";
		};
		AA10000000000000000000B2 /* Products */ = {
			isa = PBXGroup;
			children = (
				AA10000000000000000000B1 /* RecallRail.app */,
				AA10000000000000000000C1 /* RecallRailTests.xctest */,
				AA10000000000000000000E1 /* RecallRailUITests.xctest */,
			);
			name = Products;
			sourceTree = "<group>";
		};
/* End PBXGroup section */

/* Begin PBXNativeTarget section */
		AA10000000000000000000A2 /* RecallRail */ = {
			isa = PBXNativeTarget;
			buildConfigurationList = AA10000000000000000000A4 /* Build configuration list for PBXNativeTarget "RecallRail" */;
			buildPhases = (
				AA10000000000000000000A9 /* Sources */,
				AA10000000000000000000AA /* Frameworks */,
				AA10000000000000000000AB /* Resources */,
			);
			buildRules = (
			);
			dependencies = (
			);
			fileSystemSynchronizedGroups = (
				AA10000000000000000000AC /* RecallRail */,
			);
			name = RecallRail;
			packageProductDependencies = (
				AA10000000000000000000AF /* RecallRailKit */,
				AA10000000000000000000D1 /* RecallStore */,
			);
			productName = RecallRail;
			productReference = AA10000000000000000000B1 /* RecallRail.app */;
			productType = "com.apple.product-type.application";
		};
		AA10000000000000000000C6 /* RecallRailTests */ = {
			isa = PBXNativeTarget;
			buildConfigurationList = AA10000000000000000000CA /* Build configuration list for PBXNativeTarget "RecallRailTests" */;
			buildPhases = (
				AA10000000000000000000C4 /* Sources */,
				AA10000000000000000000C3 /* Frameworks */,
				AA10000000000000000000C5 /* Resources */,
			);
			buildRules = (
			);
			dependencies = (
				AA10000000000000000000C7 /* PBXTargetDependency */,
			);
			fileSystemSynchronizedGroups = (
				AA10000000000000000000C2 /* RecallRailTests */,
			);
			name = RecallRailTests;
			productName = RecallRailTests;
			productReference = AA10000000000000000000C1 /* RecallRailTests.xctest */;
			productType = "com.apple.product-type.bundle.unit-test";
		};
		AA10000000000000000000E6 /* RecallRailUITests */ = {
			isa = PBXNativeTarget;
			buildConfigurationList = AA10000000000000000000EA /* Build configuration list for PBXNativeTarget "RecallRailUITests" */;
			buildPhases = (
				AA10000000000000000000E4 /* Sources */,
				AA10000000000000000000E3 /* Frameworks */,
				AA10000000000000000000E5 /* Resources */,
			);
			buildRules = (
			);
			dependencies = (
				AA10000000000000000000E7 /* PBXTargetDependency */,
			);
			fileSystemSynchronizedGroups = (
				AA10000000000000000000E2 /* RecallRailUITests */,
			);
			name = RecallRailUITests;
			productName = RecallRailUITests;
			productReference = AA10000000000000000000E1 /* RecallRailUITests.xctest */;
			productType = "com.apple.product-type.bundle.ui-testing";
		};
/* End PBXNativeTarget section */

/* Begin PBXProject section */
		AA10000000000000000000A1 /* Project object */ = {
			isa = PBXProject;
			attributes = {
				BuildIndependentTargetsInParallel = 1;
				LastSwiftUpdateCheck = 2600;
				LastUpgradeCheck = 2600;
				TargetAttributes = {
					AA10000000000000000000A2 = {
						CreatedOnToolsVersion = 26.0.1;
					};
					AA10000000000000000000E6 = {
						CreatedOnToolsVersion = 26.0.1;
						TestTargetID = AA10000000000000000000A2;
					};
					AA10000000000000000000C6 = {
						CreatedOnToolsVersion = 26.0.1;
						TestTargetID = AA10000000000000000000A2;
					};
				};
			};
			buildConfigurationList = AA10000000000000000000A3 /* Build configuration list for PBXProject "RecallRail" */;
			compatibilityVersion = "Xcode 15.0";
			developmentRegion = en;
			hasScannedForEncodings = 0;
			knownRegions = (
				en,
				Base,
			);
			mainGroup = AA10000000000000000000AD;
			packageReferences = (
				AA10000000000000000000AE /* XCLocalSwiftPackageReference "Packages/RecallRailKit" */,
				AA10000000000000000000D2 /* XCLocalSwiftPackageReference "Packages/RecallStore" */,
			);
			productRefGroup = AA10000000000000000000B2 /* Products */;
			projectDirPath = "";
			projectRoot = "";
			targets = (
				AA10000000000000000000A2 /* RecallRail */,
				AA10000000000000000000C6 /* RecallRailTests */,
				AA10000000000000000000E6 /* RecallRailUITests */,
			);
		};
/* End PBXProject section */

/* Begin PBXResourcesBuildPhase section */
		AA10000000000000000000AB /* Resources */ = {
			isa = PBXResourcesBuildPhase;
			buildActionMask = 2147483647;
			files = (
			);
			runOnlyForDeploymentPostprocessing = 0;
		};
		AA10000000000000000000C5 /* Resources */ = {
			isa = PBXResourcesBuildPhase;
			buildActionMask = 2147483647;
			files = (
			);
			runOnlyForDeploymentPostprocessing = 0;
		};
		AA10000000000000000000E5 /* Resources */ = {
			isa = PBXResourcesBuildPhase;
			buildActionMask = 2147483647;
			files = (
			);
			runOnlyForDeploymentPostprocessing = 0;
		};
/* End PBXResourcesBuildPhase section */

/* Begin PBXSourcesBuildPhase section */
		AA10000000000000000000A9 /* Sources */ = {
			isa = PBXSourcesBuildPhase;
			buildActionMask = 2147483647;
			files = (
			);
			runOnlyForDeploymentPostprocessing = 0;
		};
		AA10000000000000000000C4 /* Sources */ = {
			isa = PBXSourcesBuildPhase;
			buildActionMask = 2147483647;
			files = (
			);
			runOnlyForDeploymentPostprocessing = 0;
		};
		AA10000000000000000000E4 /* Sources */ = {
			isa = PBXSourcesBuildPhase;
			buildActionMask = 2147483647;
			files = (
			);
			runOnlyForDeploymentPostprocessing = 0;
		};
/* End PBXSourcesBuildPhase section */

/* Begin PBXTargetDependency section */
		AA10000000000000000000C7 /* PBXTargetDependency */ = {
			isa = PBXTargetDependency;
			target = AA10000000000000000000A2 /* RecallRail */;
			targetProxy = AA10000000000000000000C0 /* PBXContainerItemProxy */;
		};
		AA10000000000000000000E7 /* PBXTargetDependency */ = {
			isa = PBXTargetDependency;
			target = AA10000000000000000000A2 /* RecallRail */;
			targetProxy = AA10000000000000000000E0 /* PBXContainerItemProxy */;
		};
/* End PBXTargetDependency section */

/* Begin XCBuildConfiguration section */
		AA10000000000000000000A5 /* Debug */ = {
			isa = XCBuildConfiguration;
			buildSettings = {
				ALWAYS_SEARCH_USER_PATHS = NO;
				CLANG_ENABLE_MODULES = YES;
				CLANG_ENABLE_OBJC_ARC = YES;
				COPY_PHASE_STRIP = NO;
				DEBUG_INFORMATION_FORMAT = dwarf;
				ENABLE_STRICT_OBJC_MSGSEND = YES;
				ENABLE_TESTABILITY = YES;
				GCC_C_LANGUAGE_STANDARD = gnu17;
				GCC_OPTIMIZATION_LEVEL = 0;
				GCC_WARN_64_TO_32_BIT_CONVERSION = YES;
				GCC_WARN_ABOUT_RETURN_TYPE = YES_ERROR;
				GCC_WARN_UNINITIALIZED_AUTOS = YES_AGGRESSIVE;
				IPHONEOS_DEPLOYMENT_TARGET = 26.0;
				ONLY_ACTIVE_ARCH = YES;
				SDKROOT = iphoneos;
				SWIFT_ACTIVE_COMPILATION_CONDITIONS = "DEBUG $(inherited)";
				SWIFT_OPTIMIZATION_LEVEL = "-Onone";
				SWIFT_STRICT_CONCURRENCY = complete;
				SWIFT_VERSION = 6.0;
				TARGETED_DEVICE_FAMILY = 1;
			};
			name = Debug;
		};
		AA10000000000000000000A6 /* Release */ = {
			isa = XCBuildConfiguration;
			buildSettings = {
				ALWAYS_SEARCH_USER_PATHS = NO;
				CLANG_ENABLE_MODULES = YES;
				CLANG_ENABLE_OBJC_ARC = YES;
				COPY_PHASE_STRIP = NO;
				DEBUG_INFORMATION_FORMAT = "dwarf-with-dsym";
				ENABLE_NS_ASSERTIONS = NO;
				ENABLE_STRICT_OBJC_MSGSEND = YES;
				GCC_C_LANGUAGE_STANDARD = gnu17;
				GCC_WARN_64_TO_32_BIT_CONVERSION = YES;
				GCC_WARN_ABOUT_RETURN_TYPE = YES_ERROR;
				GCC_WARN_UNINITIALIZED_AUTOS = YES_AGGRESSIVE;
				IPHONEOS_DEPLOYMENT_TARGET = 26.0;
				SDKROOT = iphoneos;
				SWIFT_COMPILATION_MODE = wholemodule;
				SWIFT_STRICT_CONCURRENCY = complete;
				SWIFT_VERSION = 6.0;
				TARGETED_DEVICE_FAMILY = 1;
				VALIDATE_PRODUCT = YES;
			};
			name = Release;
		};
		AA10000000000000000000A7 /* Debug */ = {
			isa = XCBuildConfiguration;
			buildSettings = {
				CODE_SIGN_STYLE = Automatic;
				CURRENT_PROJECT_VERSION = 1;
				ENABLE_PREVIEWS = YES;
				GENERATE_INFOPLIST_FILE = YES;
				INFOPLIST_KEY_CFBundleDisplayName = "Recall Rail";
				INFOPLIST_KEY_NSMicrophoneUsageDescription = "Optional permission for spoken rehearsal. Recall Rail does not record, retain, or transcribe audio.";
				INFOPLIST_KEY_UIApplicationSceneManifest_Generation = YES;
				INFOPLIST_KEY_UIApplicationSupportsIndirectInputEvents = YES;
				INFOPLIST_KEY_UILaunchScreen_Generation = YES;
				INFOPLIST_KEY_UISupportedInterfaceOrientations = UIInterfaceOrientationPortrait;
				IPHONEOS_DEPLOYMENT_TARGET = 26.0;
				LD_RUNPATH_SEARCH_PATHS = (
					"$(inherited)",
					"@executable_path/Frameworks",
				);
				MARKETING_VERSION = 0.1.0;
				PRODUCT_BUNDLE_IDENTIFIER = com.infinityball.recallrail;
				PRODUCT_NAME = "$(TARGET_NAME)";
				SUPPORTED_PLATFORMS = "iphoneos iphonesimulator";
				SUPPORTS_MACCATALYST = NO;
				SWIFT_STRICT_CONCURRENCY = complete;
				SWIFT_VERSION = 6.0;
				TARGETED_DEVICE_FAMILY = 1;
			};
			name = Debug;
		};
		AA10000000000000000000A8 /* Release */ = {
			isa = XCBuildConfiguration;
			buildSettings = {
				CODE_SIGN_STYLE = Automatic;
				CURRENT_PROJECT_VERSION = 1;
				ENABLE_PREVIEWS = YES;
				GENERATE_INFOPLIST_FILE = YES;
				INFOPLIST_KEY_CFBundleDisplayName = "Recall Rail";
				INFOPLIST_KEY_NSMicrophoneUsageDescription = "Optional permission for spoken rehearsal. Recall Rail does not record, retain, or transcribe audio.";
				INFOPLIST_KEY_UIApplicationSceneManifest_Generation = YES;
				INFOPLIST_KEY_UIApplicationSupportsIndirectInputEvents = YES;
				INFOPLIST_KEY_UILaunchScreen_Generation = YES;
				INFOPLIST_KEY_UISupportedInterfaceOrientations = UIInterfaceOrientationPortrait;
				IPHONEOS_DEPLOYMENT_TARGET = 26.0;
				LD_RUNPATH_SEARCH_PATHS = (
					"$(inherited)",
					"@executable_path/Frameworks",
				);
				MARKETING_VERSION = 0.1.0;
				PRODUCT_BUNDLE_IDENTIFIER = com.infinityball.recallrail;
				PRODUCT_NAME = "$(TARGET_NAME)";
				SUPPORTED_PLATFORMS = "iphoneos iphonesimulator";
				SUPPORTS_MACCATALYST = NO;
				SWIFT_STRICT_CONCURRENCY = complete;
				SWIFT_VERSION = 6.0;
				TARGETED_DEVICE_FAMILY = 1;
			};
			name = Release;
		};
		AA10000000000000000000C8 /* Debug */ = {
			isa = XCBuildConfiguration;
			buildSettings = {
				BUNDLE_LOADER = "$(TEST_HOST)";
				CODE_SIGN_STYLE = Automatic;
				GENERATE_INFOPLIST_FILE = YES;
				IPHONEOS_DEPLOYMENT_TARGET = 26.0;
				PRODUCT_BUNDLE_IDENTIFIER = com.infinityball.recallrail.tests;
				PRODUCT_NAME = "$(TARGET_NAME)";
				SUPPORTED_PLATFORMS = "iphoneos iphonesimulator";
				SWIFT_STRICT_CONCURRENCY = complete;
				SWIFT_VERSION = 6.0;
				TARGETED_DEVICE_FAMILY = 1;
				TEST_HOST = "$(BUILT_PRODUCTS_DIR)/RecallRail.app/$(BUNDLE_EXECUTABLE_FOLDER_PATH)/RecallRail";
			};
			name = Debug;
		};
		AA10000000000000000000E8 /* Debug */ = {
			isa = XCBuildConfiguration;
			buildSettings = {
				CODE_SIGN_STYLE = Automatic;
				GENERATE_INFOPLIST_FILE = YES;
				IPHONEOS_DEPLOYMENT_TARGET = 26.0;
				PRODUCT_BUNDLE_IDENTIFIER = com.infinityball.recallrail.uitests;
				PRODUCT_NAME = "$(TARGET_NAME)";
				SUPPORTED_PLATFORMS = "iphoneos iphonesimulator";
				SWIFT_STRICT_CONCURRENCY = complete;
				SWIFT_VERSION = 6.0;
				TARGETED_DEVICE_FAMILY = 1;
				TEST_TARGET_NAME = RecallRail;
			};
			name = Debug;
		};
		AA10000000000000000000C9 /* Release */ = {
			isa = XCBuildConfiguration;
			buildSettings = {
				BUNDLE_LOADER = "$(TEST_HOST)";
				CODE_SIGN_STYLE = Automatic;
				GENERATE_INFOPLIST_FILE = YES;
				IPHONEOS_DEPLOYMENT_TARGET = 26.0;
				PRODUCT_BUNDLE_IDENTIFIER = com.infinityball.recallrail.tests;
				PRODUCT_NAME = "$(TARGET_NAME)";
				SUPPORTED_PLATFORMS = "iphoneos iphonesimulator";
				SWIFT_STRICT_CONCURRENCY = complete;
				SWIFT_VERSION = 6.0;
				TARGETED_DEVICE_FAMILY = 1;
				TEST_HOST = "$(BUILT_PRODUCTS_DIR)/RecallRail.app/$(BUNDLE_EXECUTABLE_FOLDER_PATH)/RecallRail";
			};
			name = Release;
		};
		AA10000000000000000000E9 /* Release */ = {
			isa = XCBuildConfiguration;
			buildSettings = {
				CODE_SIGN_STYLE = Automatic;
				GENERATE_INFOPLIST_FILE = YES;
				IPHONEOS_DEPLOYMENT_TARGET = 26.0;
				PRODUCT_BUNDLE_IDENTIFIER = com.infinityball.recallrail.uitests;
				PRODUCT_NAME = "$(TARGET_NAME)";
				SUPPORTED_PLATFORMS = "iphoneos iphonesimulator";
				SWIFT_STRICT_CONCURRENCY = complete;
				SWIFT_VERSION = 6.0;
				TARGETED_DEVICE_FAMILY = 1;
				TEST_TARGET_NAME = RecallRail;
			};
			name = Release;
		};
/* End XCBuildConfiguration section */

/* Begin XCConfigurationList section */
		AA10000000000000000000A3 /* Build configuration list for PBXProject "RecallRail" */ = {
			isa = XCConfigurationList;
			buildConfigurations = (
				AA10000000000000000000A5 /* Debug */,
				AA10000000000000000000A6 /* Release */,
			);
			defaultConfigurationIsVisible = 0;
			defaultConfigurationName = Release;
		};
		AA10000000000000000000A4 /* Build configuration list for PBXNativeTarget "RecallRail" */ = {
			isa = XCConfigurationList;
			buildConfigurations = (
				AA10000000000000000000A7 /* Debug */,
				AA10000000000000000000A8 /* Release */,
			);
			defaultConfigurationIsVisible = 0;
			defaultConfigurationName = Release;
		};
		AA10000000000000000000CA /* Build configuration list for PBXNativeTarget "RecallRailTests" */ = {
			isa = XCConfigurationList;
			buildConfigurations = (
				AA10000000000000000000C8 /* Debug */,
				AA10000000000000000000C9 /* Release */,
			);
			defaultConfigurationIsVisible = 0;
			defaultConfigurationName = Release;
		};
		AA10000000000000000000EA /* Build configuration list for PBXNativeTarget "RecallRailUITests" */ = {
			isa = XCConfigurationList;
			buildConfigurations = (
				AA10000000000000000000E8 /* Debug */,
				AA10000000000000000000E9 /* Release */,
			);
			defaultConfigurationIsVisible = 0;
			defaultConfigurationName = Release;
		};
/* End XCConfigurationList section */

/* Begin XCLocalSwiftPackageReference section */
		AA10000000000000000000AE /* XCLocalSwiftPackageReference "Packages/RecallRailKit" */ = {
			isa = XCLocalSwiftPackageReference;
			relativePath = Packages/RecallRailKit;
		};
		AA10000000000000000000D2 /* XCLocalSwiftPackageReference "Packages/RecallStore" */ = {
			isa = XCLocalSwiftPackageReference;
			relativePath = Packages/RecallStore;
		};
/* End XCLocalSwiftPackageReference section */

/* Begin XCSwiftPackageProductDependency section */
		AA10000000000000000000AF /* RecallRailKit */ = {
			isa = XCSwiftPackageProductDependency;
			productName = RecallRailKit;
		};
		AA10000000000000000000D1 /* RecallStore */ = {
			isa = XCSwiftPackageProductDependency;
			productName = RecallStore;
		};
/* End XCSwiftPackageProductDependency section */
	};
	rootObject = AA10000000000000000000A1 /* Project object */;
}
